
Microsoft Visual Studio Solution File, Format Version 12.00
# Visual Studio Version 17
VisualStudioVersion = 17.2.32602.215
MinimumVisualStudioVersion = 10.0.40219.1
Project("{FAE04EC0-301F-11D3-BF4B-00C04F79EFBC}") = "BurgerShopPart01.App", "BurgerShopPart01.App\BurgerShopPart01.App.csproj", "{D893B7BA-63E2-47CE-9C8E-084971DA7388}"
EndProject
Global
	GlobalSection(SolutionConfigurationPlatforms) = preSolution
		Debug|Any CPU = Debug|Any CPU
		Release|Any CPU = Release|Any CPU
	EndGlobalSection
	GlobalSection(ProjectConfigurationPlatforms) = postSolution
		{D893B7BA-63E2-47CE-9C8E-084971DA7388}.Debug|Any CPU.ActiveCfg = Debug|Any CPU
		{D893B7BA-63E2-47CE-9C8E-084971DA7388}.Debug|Any CPU.Build.0 = Debug|Any CPU
		{D893B7BA-63E2-47CE-9C8E-084971DA7388}.Release|Any CPU.ActiveCfg = Release|Any CPU
		{D893B7BA-63E2-47CE-9C8E-084971DA7388}.Release|Any CPU.Build.0 = Release|Any CPU
	EndGlobalSection
	GlobalSection(SolutionProperties) = preSolution
		HideSolutionNode = FALSE
	EndGlobalSection
	GlobalSection(ExtensibilityGlobals) = postSolution
		SolutionGuid = {9B68D672-1036-4541-AFE8-4A0380790D8F}
	EndGlobalSection
EndGlobal
