
Microsoft Visual Studio Solution File, Format Version 12.00
# Visual Studio Version 17
VisualStudioVersion = 17.2.32602.215
MinimumVisualStudioVersion = 10.0.40219.1
Project("{FAE04EC0-301F-11D3-BF4B-00C04F79EFBC}") = "Class03.Demo", "Class03.Demo\Class03.Demo.csproj", "{BA1EDF1E-FCCD-4A73-8FFA-3E4C16A13DE0}"
EndProject
Global
	GlobalSection(SolutionConfigurationPlatforms) = preSolution
		Debug|Any CPU = Debug|Any CPU
		Release|Any CPU = Release|Any CPU
	EndGlobalSection
	GlobalSection(ProjectConfigurationPlatforms) = postSolution
		{BA1EDF1E-FCCD-4A73-8FFA-3E4C16A13DE0}.Debug|Any CPU.ActiveCfg = Debug|Any CPU
		{BA1EDF1E-FCCD-4A73-8FFA-3E4C16A13DE0}.Debug|Any CPU.Build.0 = Debug|Any CPU
		{BA1EDF1E-FCCD-4A73-8FFA-3E4C16A13DE0}.Release|Any CPU.ActiveCfg = Release|Any CPU
		{BA1EDF1E-FCCD-4A73-8FFA-3E4C16A13DE0}.Release|Any CPU.Build.0 = Release|Any CPU
	EndGlobalSection
	GlobalSection(SolutionProperties) = preSolution
		HideSolutionNode = FALSE
	EndGlobalSection
	GlobalSection(ExtensibilityGlobals) = postSolution
		SolutionGuid = {3822F381-D4A3-40F6-9DD1-8ACB23EE2065}
	EndGlobalSection
EndGlobal
