
Microsoft Visual Studio Solution File, Format Version 12.00
# Visual Studio Version 17
VisualStudioVersion = 17.2.32602.215
MinimumVisualStudioVersion = 10.0.40219.1
Project("{FAE04EC0-301F-11D3-BF4B-00C04F79EFBC}") = "Class04.App", "Class04.App\Class04.App.csproj", "{2BB40329-942D-4330-979D-C0A5E6DA1F70}"
EndProject
Global
	GlobalSection(SolutionConfigurationPlatforms) = preSolution
		Debug|Any CPU = Debug|Any CPU
		Release|Any CPU = Release|Any CPU
	EndGlobalSection
	GlobalSection(ProjectConfigurationPlatforms) = postSolution
		{2BB40329-942D-4330-979D-C0A5E6DA1F70}.Debug|Any CPU.ActiveCfg = Debug|Any CPU
		{2BB40329-942D-4330-979D-C0A5E6DA1F70}.Debug|Any CPU.Build.0 = Debug|Any CPU
		{2BB40329-942D-4330-979D-C0A5E6DA1F70}.Release|Any CPU.ActiveCfg = Release|Any CPU
		{2BB40329-942D-4330-979D-C0A5E6DA1F70}.Release|Any CPU.Build.0 = Release|Any CPU
	EndGlobalSection
	GlobalSection(SolutionProperties) = preSolution
		HideSolutionNode = FALSE
	EndGlobalSection
	GlobalSection(ExtensibilityGlobals) = postSolution
		SolutionGuid = {F73AC2DF-13D3-4229-9458-66991CE97C6B}
	EndGlobalSection
EndGlobal
