
Microsoft Visual Studio Solution File, Format Version 12.00
# Visual Studio Version 17
VisualStudioVersion = 17.2.32602.215
MinimumVisualStudioVersion = 10.0.40219.1
Project("{FAE04EC0-301F-11D3-BF4B-00C04F79EFBC}") = "Class02.Materials", "Class02.Materials\Class02.Materials.csproj", "{2D6BECDB-0EFF-42E2-9704-E6B27F1B693C}"
EndProject
Global
	GlobalSection(SolutionConfigurationPlatforms) = preSolution
		Debug|Any CPU = Debug|Any CPU
		Release|Any CPU = Release|Any CPU
	EndGlobalSection
	GlobalSection(ProjectConfigurationPlatforms) = postSolution
		{2D6BECDB-0EFF-42E2-9704-E6B27F1B693C}.Debug|Any CPU.ActiveCfg = Debug|Any CPU
		{2D6BECDB-0EFF-42E2-9704-E6B27F1B693C}.Debug|Any CPU.Build.0 = Debug|Any CPU
		{2D6BECDB-0EFF-42E2-9704-E6B27F1B693C}.Release|Any CPU.ActiveCfg = Release|Any CPU
		{2D6BECDB-0EFF-42E2-9704-E6B27F1B693C}.Release|Any CPU.Build.0 = Release|Any CPU
	EndGlobalSection
	GlobalSection(SolutionProperties) = preSolution
		HideSolutionNode = FALSE
	EndGlobalSection
	GlobalSection(ExtensibilityGlobals) = postSolution
		SolutionGuid = {46A6F9A9-4DED-4C4E-A2EF-61FB10128409}
	EndGlobalSection
EndGlobal
